
Microsoft Visual Studio Solution File, Format Version 12.00
# Visual Studio 2012
Project("{FAE04EC0-301F-11D3-BF4B-00C04F79EFBC}") = "AWSBucketTest", "AWSBucketTest\AWSBucketTest.csproj", "{B12634DD-5A6A-4F25-8D6D-EF62FC433325}"
EndProject
Global
	GlobalSection(SolutionConfigurationPlatforms) = preSolution
		Debug|Any CPU = Debug|Any CPU
		Release|Any CPU = Release|Any CPU
	EndGlobalSection
	GlobalSection(ProjectConfigurationPlatforms) = postSolution
		{B12634DD-5A6A-4F25-8D6D-EF62FC433325}.Debug|Any CPU.ActiveCfg = Debug|Any CPU
		{B12634DD-5A6A-4F25-8D6D-EF62FC433325}.Debug|Any CPU.Build.0 = Debug|Any CPU
		{B12634DD-5A6A-4F25-8D6D-EF62FC433325}.Release|Any CPU.ActiveCfg = Release|Any CPU
		{B12634DD-5A6A-4F25-8D6D-EF62FC433325}.Release|Any CPU.Build.0 = Release|Any CPU
	EndGlobalSection
	GlobalSection(SolutionProperties) = preSolution
		HideSolutionNode = FALSE
	EndGlobalSection
EndGlobal
